
Microsoft Visual Studio Solution File, Format Version 12.00
# Visual Studio Version 16
VisualStudioVersion = 16.0.34114.132
MinimumVisualStudioVersion = 10.0.40219.1
Project("{FAE04EC0-301F-11D3-BF4B-00C04F79EFBC}") = "Server_WebBanKhoaHoc", "Server_WebBanKhoaHoc\Server_WebBanKhoaHoc.csproj", "{B2721C41-D8A7-43E3-8C71-1F67E0CB5E29}"
EndProject
Global
	GlobalSection(SolutionConfigurationPlatforms) = preSolution
		Debug|Any CPU = Debug|Any CPU
		Release|Any CPU = Release|Any CPU
	EndGlobalSection
	GlobalSection(ProjectConfigurationPlatforms) = postSolution
		{B2721C41-D8A7-43E3-8C71-1F67E0CB5E29}.Debug|Any CPU.ActiveCfg = Debug|Any CPU
		{B2721C41-D8A7-43E3-8C71-1F67E0CB5E29}.Debug|Any CPU.Build.0 = Debug|Any CPU
		{B2721C41-D8A7-43E3-8C71-1F67E0CB5E29}.Release|Any CPU.ActiveCfg = Release|Any CPU
		{B2721C41-D8A7-43E3-8C71-1F67E0CB5E29}.Release|Any CPU.Build.0 = Release|Any CPU
	EndGlobalSection
	GlobalSection(SolutionProperties) = preSolution
		HideSolutionNode = FALSE
	EndGlobalSection
	GlobalSection(ExtensibilityGlobals) = postSolution
		SolutionGuid = {B939611A-EC0C-4753-A9A4-26831AB23F31}
	EndGlobalSection
EndGlobal
